
Microsoft Visual Studio Solution File, Format Version 12.00
# Visual Studio Version 17
VisualStudioVersion = 17.14.36518.9 d17.14
MinimumVisualStudioVersion = 10.0.40219.1
Project("{FAE04EC0-301F-11D3-BF4B-00C04F79EFBC}") = "#1", "lab3DB\#1.csproj", "{12A06893-F5CA-4AF1-AB5D-EB38B0A3C897}"
EndProject
Project("{FAE04EC0-301F-11D3-BF4B-00C04F79EFBC}") = "#2", "#2\#2.csproj", "{AF8A012B-C707-43AA-96A8-2643369CDB04}"
EndProject
Project("{FAE04EC0-301F-11D3-BF4B-00C04F79EFBC}") = "#3", "#3\#3.csproj", "{A06022DD-BC85-400A-8477-EB8D414BF55D}"
EndProject
Global
	GlobalSection(SolutionConfigurationPlatforms) = preSolution
		Debug|Any CPU = Debug|Any CPU
		Release|Any CPU = Release|Any CPU
	EndGlobalSection
	GlobalSection(ProjectConfigurationPlatforms) = postSolution
		{12A06893-F5CA-4AF1-AB5D-EB38B0A3C897}.Debug|Any CPU.ActiveCfg = Debug|Any CPU
		{12A06893-F5CA-4AF1-AB5D-EB38B0A3C897}.Debug|Any CPU.Build.0 = Debug|Any CPU
		{12A06893-F5CA-4AF1-AB5D-EB38B0A3C897}.Release|Any CPU.ActiveCfg = Release|Any CPU
		{12A06893-F5CA-4AF1-AB5D-EB38B0A3C897}.Release|Any CPU.Build.0 = Release|Any CPU
		{AF8A012B-C707-43AA-96A8-2643369CDB04}.Debug|Any CPU.ActiveCfg = Debug|Any CPU
		{AF8A012B-C707-43AA-96A8-2643369CDB04}.Debug|Any CPU.Build.0 = Debug|Any CPU
		{AF8A012B-C707-43AA-96A8-2643369CDB04}.Release|Any CPU.ActiveCfg = Release|Any CPU
		{AF8A012B-C707-43AA-96A8-2643369CDB04}.Release|Any CPU.Build.0 = Release|Any CPU
		{A06022DD-BC85-400A-8477-EB8D414BF55D}.Debug|Any CPU.ActiveCfg = Debug|Any CPU
		{A06022DD-BC85-400A-8477-EB8D414BF55D}.Debug|Any CPU.Build.0 = Debug|Any CPU
		{A06022DD-BC85-400A-8477-EB8D414BF55D}.Release|Any CPU.ActiveCfg = Release|Any CPU
		{A06022DD-BC85-400A-8477-EB8D414BF55D}.Release|Any CPU.Build.0 = Release|Any CPU
	EndGlobalSection
	GlobalSection(SolutionProperties) = preSolution
		HideSolutionNode = FALSE
	EndGlobalSection
	GlobalSection(ExtensibilityGlobals) = postSolution
		SolutionGuid = {CD400DF3-1FE2-4295-8CD6-7AEBF7C4394C}
	EndGlobalSection
EndGlobal
